
Microsoft Visual Studio Solution File, Format Version 12.00
# Visual Studio 15
VisualStudioVersion = 15.0.28307.136
MinimumVisualStudioVersion = 10.0.40219.1
Project("{FAE04EC0-301F-11D3-BF4B-00C04F79EFBC}") = "OSSAssessment", "OSSAssessment\OSSAssessment.csproj", "{C2FA929C-2465-440A-AF54-EB204FD40068}"
EndProject
Global
	GlobalSection(SolutionConfigurationPlatforms) = preSolution
		Debug|Any CPU = Debug|Any CPU
		Release|Any CPU = Release|Any CPU
	EndGlobalSection
	GlobalSection(ProjectConfigurationPlatforms) = postSolution
		{C2FA929C-2465-440A-AF54-EB204FD40068}.Debug|Any CPU.ActiveCfg = Debug|Any CPU
		{C2FA929C-2465-440A-AF54-EB204FD40068}.Debug|Any CPU.Build.0 = Debug|Any CPU
		{C2FA929C-2465-440A-AF54-EB204FD40068}.Release|Any CPU.ActiveCfg = Release|Any CPU
		{C2FA929C-2465-440A-AF54-EB204FD40068}.Release|Any CPU.Build.0 = Release|Any CPU
	EndGlobalSection
	GlobalSection(SolutionProperties) = preSolution
		HideSolutionNode = FALSE
	EndGlobalSection
	GlobalSection(ExtensibilityGlobals) = postSolution
		SolutionGuid = {3388DED9-C301-4CB3-AFC8-F529B8234284}
	EndGlobalSection
EndGlobal
